
Microsoft Visual Studio Solution File, Format Version 12.00
# Visual Studio Version 16
VisualStudioVersion = 16.0.31911.196
MinimumVisualStudioVersion = 10.0.40219.1
Project("{9A19103F-16F7-4668-BE54-9A1E7A4F7556}") = "RestaurantApplication", "src\RestaurantApplication.csproj", "{F20B0DC0-619D-4A68-9E3C-B0564235324E}"
EndProject
Global
	GlobalSection(SolutionConfigurationPlatforms) = preSolution
		Debug|Any CPU = Debug|Any CPU
		Release|Any CPU = Release|Any CPU
	EndGlobalSection
	GlobalSection(ProjectConfigurationPlatforms) = postSolution
		{F20B0DC0-619D-4A68-9E3C-B0564235324E}.Debug|Any CPU.ActiveCfg = Debug|Any CPU
		{F20B0DC0-619D-4A68-9E3C-B0564235324E}.Debug|Any CPU.Build.0 = Debug|Any CPU
		{F20B0DC0-619D-4A68-9E3C-B0564235324E}.Release|Any CPU.ActiveCfg = Release|Any CPU
		{F20B0DC0-619D-4A68-9E3C-B0564235324E}.Release|Any CPU.Build.0 = Release|Any CPU
	EndGlobalSection
	GlobalSection(SolutionProperties) = preSolution
		HideSolutionNode = FALSE
	EndGlobalSection
	GlobalSection(ExtensibilityGlobals) = postSolution
		SolutionGuid = {39BC8D17-1EF5-4301-85D6-8A29537792E6}
	EndGlobalSection
EndGlobal
